
Microsoft Visual Studio Solution File, Format Version 12.00
# Visual Studio Version 17
VisualStudioVersion = 17.8.34205.153
MinimumVisualStudioVersion = 10.0.40219.1
Project("{FAE04EC0-301F-11D3-BF4B-00C04F79EFBC}") = "GameLeaderboard", "GameLeaderboard\GameLeaderboard.csproj", "{2832F151-F05B-4E34-822C-EE4C3FC35EA3}"
EndProject
Global
	GlobalSection(SolutionConfigurationPlatforms) = preSolution
		Debug|Any CPU = Debug|Any CPU
		Release|Any CPU = Release|Any CPU
	EndGlobalSection
	GlobalSection(ProjectConfigurationPlatforms) = postSolution
		{2832F151-F05B-4E34-822C-EE4C3FC35EA3}.Debug|Any CPU.ActiveCfg = Debug|Any CPU
		{2832F151-F05B-4E34-822C-EE4C3FC35EA3}.Debug|Any CPU.Build.0 = Debug|Any CPU
		{2832F151-F05B-4E34-822C-EE4C3FC35EA3}.Release|Any CPU.ActiveCfg = Release|Any CPU
		{2832F151-F05B-4E34-822C-EE4C3FC35EA3}.Release|Any CPU.Build.0 = Release|Any CPU
	EndGlobalSection
	GlobalSection(SolutionProperties) = preSolution
		HideSolutionNode = FALSE
	EndGlobalSection
	GlobalSection(ExtensibilityGlobals) = postSolution
		SolutionGuid = {DC50CAD6-755D-4DDD-8499-E8E5883815B9}
	EndGlobalSection
EndGlobal
